
Microsoft Visual Studio Solution File, Format Version 12.00
# Visual Studio Version 17
VisualStudioVersion = 17.6.33723.286
MinimumVisualStudioVersion = 10.0.40219.1
Project("{FAE04EC0-301F-11D3-BF4B-00C04F79EFBC}") = "BeverageVendingMachine.Core", "BeverageVendingMachine.Core\BeverageVendingMachine.Core.csproj", "{A2808673-7017-4A7D-AD7B-DCCB8D897747}"
EndProject
Project("{FAE04EC0-301F-11D3-BF4B-00C04F79EFBC}") = "BeverageVendingMachine.Application", "BeverageVendingMachine.Application\BeverageVendingMachine.Application.csproj", "{C8F92250-1B91-42C1-95D2-14F162D6D563}"
EndProject
Global
	GlobalSection(SolutionConfigurationPlatforms) = preSolution
		Debug|Any CPU = Debug|Any CPU
		Release|Any CPU = Release|Any CPU
	EndGlobalSection
	GlobalSection(ProjectConfigurationPlatforms) = postSolution
		{A2808673-7017-4A7D-AD7B-DCCB8D897747}.Debug|Any CPU.ActiveCfg = Debug|Any CPU
		{A2808673-7017-4A7D-AD7B-DCCB8D897747}.Debug|Any CPU.Build.0 = Debug|Any CPU
		{A2808673-7017-4A7D-AD7B-DCCB8D897747}.Release|Any CPU.ActiveCfg = Release|Any CPU
		{A2808673-7017-4A7D-AD7B-DCCB8D897747}.Release|Any CPU.Build.0 = Release|Any CPU
		{C8F92250-1B91-42C1-95D2-14F162D6D563}.Debug|Any CPU.ActiveCfg = Debug|Any CPU
		{C8F92250-1B91-42C1-95D2-14F162D6D563}.Debug|Any CPU.Build.0 = Debug|Any CPU
		{C8F92250-1B91-42C1-95D2-14F162D6D563}.Release|Any CPU.ActiveCfg = Release|Any CPU
		{C8F92250-1B91-42C1-95D2-14F162D6D563}.Release|Any CPU.Build.0 = Release|Any CPU
	EndGlobalSection
	GlobalSection(SolutionProperties) = preSolution
		HideSolutionNode = FALSE
	EndGlobalSection
	GlobalSection(ExtensibilityGlobals) = postSolution
		SolutionGuid = {36A58598-0751-444A-AC51-4C30E7A97B6D}
	EndGlobalSection
EndGlobal
